
Microsoft Visual Studio Solution File, Format Version 12.00
# Visual Studio 15
VisualStudioVersion = 15.0.27004.2005
MinimumVisualStudioVersion = 10.0.40219.1
Project("{9A19103F-16F7-4668-BE54-9A1E7A4F7556}") = "EmotivCustom.Console", "EmotivCustom.Console\EmotivCustom.Console.csproj", "{FDF73DCD-2BB0-4433-92CF-0973C505FBAF}"
EndProject
Project("{9A19103F-16F7-4668-BE54-9A1E7A4F7556}") = "EmotivCustom.Sdk", "EmotivCustom.Sdk\EmotivCustom.Sdk.csproj", "{CE54A564-36D5-48DB-9608-06BE12E0EF65}"
EndProject
Project("{FAE04EC0-301F-11D3-BF4B-00C04F79EFBC}") = "EmotivCustom.Core", "EmotivCustom.Core\EmotivCustom.Core.csproj", "{DBD3D707-06F6-46AD-87BA-FC7B802FCC32}"
EndProject
Global
	GlobalSection(SolutionConfigurationPlatforms) = preSolution
		Debug|Any CPU = Debug|Any CPU
		Release|Any CPU = Release|Any CPU
	EndGlobalSection
	GlobalSection(ProjectConfigurationPlatforms) = postSolution
		{FDF73DCD-2BB0-4433-92CF-0973C505FBAF}.Debug|Any CPU.ActiveCfg = Debug|Any CPU
		{FDF73DCD-2BB0-4433-92CF-0973C505FBAF}.Debug|Any CPU.Build.0 = Debug|Any CPU
		{FDF73DCD-2BB0-4433-92CF-0973C505FBAF}.Release|Any CPU.ActiveCfg = Release|Any CPU
		{FDF73DCD-2BB0-4433-92CF-0973C505FBAF}.Release|Any CPU.Build.0 = Release|Any CPU
		{CE54A564-36D5-48DB-9608-06BE12E0EF65}.Debug|Any CPU.ActiveCfg = Debug|Any CPU
		{CE54A564-36D5-48DB-9608-06BE12E0EF65}.Debug|Any CPU.Build.0 = Debug|Any CPU
		{CE54A564-36D5-48DB-9608-06BE12E0EF65}.Release|Any CPU.ActiveCfg = Release|Any CPU
		{CE54A564-36D5-48DB-9608-06BE12E0EF65}.Release|Any CPU.Build.0 = Release|Any CPU
		{DBD3D707-06F6-46AD-87BA-FC7B802FCC32}.Debug|Any CPU.ActiveCfg = Debug|Any CPU
		{DBD3D707-06F6-46AD-87BA-FC7B802FCC32}.Debug|Any CPU.Build.0 = Debug|Any CPU
		{DBD3D707-06F6-46AD-87BA-FC7B802FCC32}.Release|Any CPU.ActiveCfg = Release|Any CPU
		{DBD3D707-06F6-46AD-87BA-FC7B802FCC32}.Release|Any CPU.Build.0 = Release|Any CPU
	EndGlobalSection
	GlobalSection(SolutionProperties) = preSolution
		HideSolutionNode = FALSE
	EndGlobalSection
	GlobalSection(ExtensibilityGlobals) = postSolution
		SolutionGuid = {75CE13A8-FF88-4CF6-8F60-92B361BAE8A9}
	EndGlobalSection
EndGlobal
